
Microsoft Visual Studio Solution File, Format Version 12.00
# Visual Studio 15
VisualStudioVersion = 15.0.28010.2036
MinimumVisualStudioVersion = 10.0.40219.1
Project("{FAE04EC0-301F-11D3-BF4B-00C04F79EFBC}") = "OxyplotWidget", "OxyplotWidget\OxyplotWidget.csproj", "{E1FEF6B2-8E0A-4C01-AC6A-8E9A8E427D91}"
EndProject
Project("{FAE04EC0-301F-11D3-BF4B-00C04F79EFBC}") = "PMUDataLayer", "PMUDataLayer\PMUDataLayer.csproj", "{D3F08B11-F661-4CF6-8AC9-EBE04C68EF75}"
EndProject
Project("{FAE04EC0-301F-11D3-BF4B-00C04F79EFBC}") = "PMUDataLayerTests", "PMUDataLayerTests\PMUDataLayerTests.csproj", "{E39C71A8-6919-4CA7-8117-366A20F61A1E}"
EndProject
Project("{FAE04EC0-301F-11D3-BF4B-00C04F79EFBC}") = "Dashboard", "Dashboard\Dashboard.csproj", "{42E8A7C2-4A98-47B1-B777-F73AA852595A}"
EndProject
Global
	GlobalSection(SolutionConfigurationPlatforms) = preSolution
		Debug|Any CPU = Debug|Any CPU
		Release|Any CPU = Release|Any CPU
	EndGlobalSection
	GlobalSection(ProjectConfigurationPlatforms) = postSolution
		{E1FEF6B2-8E0A-4C01-AC6A-8E9A8E427D91}.Debug|Any CPU.ActiveCfg = Debug|Any CPU
		{E1FEF6B2-8E0A-4C01-AC6A-8E9A8E427D91}.Debug|Any CPU.Build.0 = Debug|Any CPU
		{E1FEF6B2-8E0A-4C01-AC6A-8E9A8E427D91}.Release|Any CPU.ActiveCfg = Release|Any CPU
		{E1FEF6B2-8E0A-4C01-AC6A-8E9A8E427D91}.Release|Any CPU.Build.0 = Release|Any CPU
		{D3F08B11-F661-4CF6-8AC9-EBE04C68EF75}.Debug|Any CPU.ActiveCfg = Debug|Any CPU
		{D3F08B11-F661-4CF6-8AC9-EBE04C68EF75}.Debug|Any CPU.Build.0 = Debug|Any CPU
		{D3F08B11-F661-4CF6-8AC9-EBE04C68EF75}.Release|Any CPU.ActiveCfg = Release|Any CPU
		{D3F08B11-F661-4CF6-8AC9-EBE04C68EF75}.Release|Any CPU.Build.0 = Release|Any CPU
		{E39C71A8-6919-4CA7-8117-366A20F61A1E}.Debug|Any CPU.ActiveCfg = Debug|Any CPU
		{E39C71A8-6919-4CA7-8117-366A20F61A1E}.Debug|Any CPU.Build.0 = Debug|Any CPU
		{E39C71A8-6919-4CA7-8117-366A20F61A1E}.Release|Any CPU.ActiveCfg = Release|Any CPU
		{E39C71A8-6919-4CA7-8117-366A20F61A1E}.Release|Any CPU.Build.0 = Release|Any CPU
		{42E8A7C2-4A98-47B1-B777-F73AA852595A}.Debug|Any CPU.ActiveCfg = Debug|Any CPU
		{42E8A7C2-4A98-47B1-B777-F73AA852595A}.Debug|Any CPU.Build.0 = Debug|Any CPU
		{42E8A7C2-4A98-47B1-B777-F73AA852595A}.Release|Any CPU.ActiveCfg = Release|Any CPU
		{42E8A7C2-4A98-47B1-B777-F73AA852595A}.Release|Any CPU.Build.0 = Release|Any CPU
	EndGlobalSection
	GlobalSection(SolutionProperties) = preSolution
		HideSolutionNode = FALSE
	EndGlobalSection
	GlobalSection(ExtensibilityGlobals) = postSolution
		SolutionGuid = {AC0672EC-3CF1-4D42-97D4-530B3815E64A}
	EndGlobalSection
EndGlobal
